
Microsoft Visual Studio Solution File, Format Version 12.00
# Visual Studio 15
VisualStudioVersion = 15.0.28307.1585
MinimumVisualStudioVersion = 10.0.40219.1
Project("{262852C6-CD72-467D-83FE-5EEB1973A190}") = "BlankCordovaApp6", "BlankCordovaApp6\BlankCordovaApp6.jsproj", "{2B792080-486E-46F5-B84F-A22AC8D85380}"
EndProject
Global
	GlobalSection(SolutionConfigurationPlatforms) = preSolution
		Debug|Android = Debug|Android
		Debug|iOS = Debug|iOS
		Debug|Windows-ARM = Debug|Windows-ARM
		Debug|Windows-x64 = Debug|Windows-x64
		Debug|Windows-x86 = Debug|Windows-x86
		Release|Android = Release|Android
		Release|iOS = Release|iOS
		Release|Windows-ARM = Release|Windows-ARM
		Release|Windows-x64 = Release|Windows-x64
		Release|Windows-x86 = Release|Windows-x86
	EndGlobalSection
	GlobalSection(ProjectConfigurationPlatforms) = postSolution
		{2B792080-486E-46F5-B84F-A22AC8D85380}.Debug|Android.ActiveCfg = Debug|Android
		{2B792080-486E-46F5-B84F-A22AC8D85380}.Debug|Android.Build.0 = Debug|Android
		{2B792080-486E-46F5-B84F-A22AC8D85380}.Debug|Android.Deploy.0 = Debug|Android
		{2B792080-486E-46F5-B84F-A22AC8D85380}.Debug|iOS.ActiveCfg = Debug|iOS
		{2B792080-486E-46F5-B84F-A22AC8D85380}.Debug|iOS.Build.0 = Debug|iOS
		{2B792080-486E-46F5-B84F-A22AC8D85380}.Debug|iOS.Deploy.0 = Debug|iOS
		{2B792080-486E-46F5-B84F-A22AC8D85380}.Debug|Windows-ARM.ActiveCfg = Debug|Windows-ARM
		{2B792080-486E-46F5-B84F-A22AC8D85380}.Debug|Windows-ARM.Build.0 = Debug|Windows-ARM
		{2B792080-486E-46F5-B84F-A22AC8D85380}.Debug|Windows-ARM.Deploy.0 = Debug|Windows-ARM
		{2B792080-486E-46F5-B84F-A22AC8D85380}.Debug|Windows-x64.ActiveCfg = Debug|Windows-x64
		{2B792080-486E-46F5-B84F-A22AC8D85380}.Debug|Windows-x64.Build.0 = Debug|Windows-x64
		{2B792080-486E-46F5-B84F-A22AC8D85380}.Debug|Windows-x64.Deploy.0 = Debug|Windows-x64
		{2B792080-486E-46F5-B84F-A22AC8D85380}.Debug|Windows-x86.ActiveCfg = Debug|Windows-x86
		{2B792080-486E-46F5-B84F-A22AC8D85380}.Debug|Windows-x86.Build.0 = Debug|Windows-x86
		{2B792080-486E-46F5-B84F-A22AC8D85380}.Debug|Windows-x86.Deploy.0 = Debug|Windows-x86
		{2B792080-486E-46F5-B84F-A22AC8D85380}.Release|Android.ActiveCfg = Release|Android
		{2B792080-486E-46F5-B84F-A22AC8D85380}.Release|Android.Build.0 = Release|Android
		{2B792080-486E-46F5-B84F-A22AC8D85380}.Release|Android.Deploy.0 = Release|Android
		{2B792080-486E-46F5-B84F-A22AC8D85380}.Release|iOS.ActiveCfg = Release|iOS
		{2B792080-486E-46F5-B84F-A22AC8D85380}.Release|iOS.Build.0 = Release|iOS
		{2B792080-486E-46F5-B84F-A22AC8D85380}.Release|iOS.Deploy.0 = Release|iOS
		{2B792080-486E-46F5-B84F-A22AC8D85380}.Release|Windows-ARM.ActiveCfg = Release|Windows-ARM
		{2B792080-486E-46F5-B84F-A22AC8D85380}.Release|Windows-ARM.Build.0 = Release|Windows-ARM
		{2B792080-486E-46F5-B84F-A22AC8D85380}.Release|Windows-ARM.Deploy.0 = Release|Windows-ARM
		{2B792080-486E-46F5-B84F-A22AC8D85380}.Release|Windows-x64.ActiveCfg = Release|Windows-x64
		{2B792080-486E-46F5-B84F-A22AC8D85380}.Release|Windows-x64.Build.0 = Release|Windows-x64
		{2B792080-486E-46F5-B84F-A22AC8D85380}.Release|Windows-x64.Deploy.0 = Release|Windows-x64
		{2B792080-486E-46F5-B84F-A22AC8D85380}.Release|Windows-x86.ActiveCfg = Release|Windows-x86
		{2B792080-486E-46F5-B84F-A22AC8D85380}.Release|Windows-x86.Build.0 = Release|Windows-x86
		{2B792080-486E-46F5-B84F-A22AC8D85380}.Release|Windows-x86.Deploy.0 = Release|Windows-x86
	EndGlobalSection
	GlobalSection(SolutionProperties) = preSolution
		HideSolutionNode = FALSE
	EndGlobalSection
	GlobalSection(ExtensibilityGlobals) = postSolution
		SolutionGuid = {DD4EB83F-1822-477B-9584-D197DA95039E}
	EndGlobalSection
EndGlobal
